
Microsoft Visual Studio Solution File, Format Version 12.00
# Visual Studio Version 16
VisualStudioVersion = 16.0.29503.13
MinimumVisualStudioVersion = 10.0.40219.1
Project("{9A19103F-16F7-4668-BE54-9A1E7A4F7556}") = "todoList", "todoList\todoList.csproj", "{596E2BA1-203B-4004-8927-8E1C4BF2F588}"
EndProject
Project("{9A19103F-16F7-4668-BE54-9A1E7A4F7556}") = "Contracts", "Contracts\Contracts.csproj", "{799AAE4B-4E82-4298-A79A-2C7FD8A300C4}"
EndProject
Project("{9A19103F-16F7-4668-BE54-9A1E7A4F7556}") = "LoggerService", "LoggerService\LoggerService.csproj", "{09BD396F-FB73-4CB3-8D52-B82220038377}"
EndProject
Project("{9A19103F-16F7-4668-BE54-9A1E7A4F7556}") = "Entities", "Entities\Entities.csproj", "{9F213089-129F-4AF1-B872-98CE3B79565D}"
EndProject
Project("{9A19103F-16F7-4668-BE54-9A1E7A4F7556}") = "Repository", "Repository\Repository.csproj", "{BC884534-7509-4321-8396-36B6B81DF03E}"
EndProject
Project("{FAE04EC0-301F-11D3-BF4B-00C04F79EFBC}") = "Domain", "Domain\Domain.csproj", "{FE2F399F-AB83-4F6A-9C4F-AA5079ACF0F6}"
EndProject
Project("{FAE04EC0-301F-11D3-BF4B-00C04F79EFBC}") = "Infrastructure", "Infrastructure\Infrastructure.csproj", "{1508BBE0-F1C6-468B-A872-4A3227E065B3}"
EndProject
Project("{FAE04EC0-301F-11D3-BF4B-00C04F79EFBC}") = "Application", "Application\Application.csproj", "{24AFB001-FA6A-4CEC-8AF1-BC974A9CC5DA}"
EndProject
Global
	GlobalSection(SolutionConfigurationPlatforms) = preSolution
		Debug|Any CPU = Debug|Any CPU
		Release|Any CPU = Release|Any CPU
	EndGlobalSection
	GlobalSection(ProjectConfigurationPlatforms) = postSolution
		{596E2BA1-203B-4004-8927-8E1C4BF2F588}.Debug|Any CPU.ActiveCfg = Debug|Any CPU
		{596E2BA1-203B-4004-8927-8E1C4BF2F588}.Debug|Any CPU.Build.0 = Debug|Any CPU
		{596E2BA1-203B-4004-8927-8E1C4BF2F588}.Release|Any CPU.ActiveCfg = Release|Any CPU
		{596E2BA1-203B-4004-8927-8E1C4BF2F588}.Release|Any CPU.Build.0 = Release|Any CPU
		{799AAE4B-4E82-4298-A79A-2C7FD8A300C4}.Debug|Any CPU.ActiveCfg = Debug|Any CPU
		{799AAE4B-4E82-4298-A79A-2C7FD8A300C4}.Debug|Any CPU.Build.0 = Debug|Any CPU
		{799AAE4B-4E82-4298-A79A-2C7FD8A300C4}.Release|Any CPU.ActiveCfg = Release|Any CPU
		{799AAE4B-4E82-4298-A79A-2C7FD8A300C4}.Release|Any CPU.Build.0 = Release|Any CPU
		{09BD396F-FB73-4CB3-8D52-B82220038377}.Debug|Any CPU.ActiveCfg = Debug|Any CPU
		{09BD396F-FB73-4CB3-8D52-B82220038377}.Debug|Any CPU.Build.0 = Debug|Any CPU
		{09BD396F-FB73-4CB3-8D52-B82220038377}.Release|Any CPU.ActiveCfg = Release|Any CPU
		{09BD396F-FB73-4CB3-8D52-B82220038377}.Release|Any CPU.Build.0 = Release|Any CPU
		{9F213089-129F-4AF1-B872-98CE3B79565D}.Debug|Any CPU.ActiveCfg = Debug|Any CPU
		{9F213089-129F-4AF1-B872-98CE3B79565D}.Debug|Any CPU.Build.0 = Debug|Any CPU
		{9F213089-129F-4AF1-B872-98CE3B79565D}.Release|Any CPU.ActiveCfg = Release|Any CPU
		{9F213089-129F-4AF1-B872-98CE3B79565D}.Release|Any CPU.Build.0 = Release|Any CPU
		{BC884534-7509-4321-8396-36B6B81DF03E}.Debug|Any CPU.ActiveCfg = Debug|Any CPU
		{BC884534-7509-4321-8396-36B6B81DF03E}.Debug|Any CPU.Build.0 = Debug|Any CPU
		{BC884534-7509-4321-8396-36B6B81DF03E}.Release|Any CPU.ActiveCfg = Release|Any CPU
		{BC884534-7509-4321-8396-36B6B81DF03E}.Release|Any CPU.Build.0 = Release|Any CPU
		{FE2F399F-AB83-4F6A-9C4F-AA5079ACF0F6}.Debug|Any CPU.ActiveCfg = Debug|Any CPU
		{FE2F399F-AB83-4F6A-9C4F-AA5079ACF0F6}.Debug|Any CPU.Build.0 = Debug|Any CPU
		{FE2F399F-AB83-4F6A-9C4F-AA5079ACF0F6}.Release|Any CPU.ActiveCfg = Release|Any CPU
		{FE2F399F-AB83-4F6A-9C4F-AA5079ACF0F6}.Release|Any CPU.Build.0 = Release|Any CPU
		{1508BBE0-F1C6-468B-A872-4A3227E065B3}.Debug|Any CPU.ActiveCfg = Debug|Any CPU
		{1508BBE0-F1C6-468B-A872-4A3227E065B3}.Debug|Any CPU.Build.0 = Debug|Any CPU
		{1508BBE0-F1C6-468B-A872-4A3227E065B3}.Release|Any CPU.ActiveCfg = Release|Any CPU
		{1508BBE0-F1C6-468B-A872-4A3227E065B3}.Release|Any CPU.Build.0 = Release|Any CPU
		{24AFB001-FA6A-4CEC-8AF1-BC974A9CC5DA}.Debug|Any CPU.ActiveCfg = Debug|Any CPU
		{24AFB001-FA6A-4CEC-8AF1-BC974A9CC5DA}.Debug|Any CPU.Build.0 = Debug|Any CPU
		{24AFB001-FA6A-4CEC-8AF1-BC974A9CC5DA}.Release|Any CPU.ActiveCfg = Release|Any CPU
		{24AFB001-FA6A-4CEC-8AF1-BC974A9CC5DA}.Release|Any CPU.Build.0 = Release|Any CPU
	EndGlobalSection
	GlobalSection(SolutionProperties) = preSolution
		HideSolutionNode = FALSE
	EndGlobalSection
	GlobalSection(ExtensibilityGlobals) = postSolution
		SolutionGuid = {39E880F6-6CF0-4A56-B5FA-20291A53359B}
	EndGlobalSection
EndGlobal
